
Microsoft Visual Studio Solution File, Format Version 12.00
# Visual Studio 15
Project("{FAE04EC0-301F-11D3-BF4B-00C04F79EFBC}") = "Sample4", "Assembly-CSharp.csproj", "{F95178C4-794C-068E-8E17-3C5BD7BCB10B}"
EndProject
Project("{FAE04EC0-301F-11D3-BF4B-00C04F79EFBC}") = "Sample4", "Assembly-CSharp-Editor.csproj", "{98272682-3A01-5E09-24D9-ED9F50380C44}"
EndProject
Global
	GlobalSection(SolutionConfigurationPlatforms) = preSolution
		Debug|Any CPU = Debug|Any CPU
		Release|Any CPU = Release|Any CPU
	EndGlobalSection
	GlobalSection(ProjectConfigurationPlatforms) = postSolution
		{F95178C4-794C-068E-8E17-3C5BD7BCB10B}.Debug|Any CPU.ActiveCfg = Debug|Any CPU
		{F95178C4-794C-068E-8E17-3C5BD7BCB10B}.Debug|Any CPU.Build.0 = Debug|Any CPU
		{F95178C4-794C-068E-8E17-3C5BD7BCB10B}.Release|Any CPU.ActiveCfg = Release|Any CPU
		{F95178C4-794C-068E-8E17-3C5BD7BCB10B}.Release|Any CPU.Build.0 = Release|Any CPU
		{98272682-3A01-5E09-24D9-ED9F50380C44}.Debug|Any CPU.ActiveCfg = Debug|Any CPU
		{98272682-3A01-5E09-24D9-ED9F50380C44}.Debug|Any CPU.Build.0 = Debug|Any CPU
		{98272682-3A01-5E09-24D9-ED9F50380C44}.Release|Any CPU.ActiveCfg = Release|Any CPU
		{98272682-3A01-5E09-24D9-ED9F50380C44}.Release|Any CPU.Build.0 = Release|Any CPU
	EndGlobalSection
	GlobalSection(SolutionProperties) = preSolution
		HideSolutionNode = FALSE
	EndGlobalSection
EndGlobal
